// !$*UTF8*$!
{
	archiveVersion = 1;
	classes = {
	};
	objectVersion = 46;
	objects = {

/* Begin PBXBuildFile section */
		010C68931E5B8AE900CC7358 /* RegisterDeviceUseCase.m in Sources */ = {isa = PBXBuildFile; fileRef = 010C68921E5B8AE900CC7358 /* RegisterDeviceUseCase.m */; };
		010C68961E5B9BB000CC7358 /* UITextField+Extensions.m in Sources */ = {isa = PBXBuildFile; fileRef = 010C68951E5B9BB000CC7358 /* UITextField+Extensions.m */; };
		016D53B01F4CA40700D899D7 /* TwilioAuthenticator.framework in Frameworks */ = {isa = PBXBuildFile; fileRef = 016D53AF1F4CA40700D899D7 /* TwilioAuthenticator.framework */; };
		016D53B11F4CA40700D899D7 /* TwilioAuthenticator.framework in Embed Frameworks */ = {isa = PBXBuildFile; fileRef = 016D53AF1F4CA40700D899D7 /* TwilioAuthenticator.framework */; settings = {ATTRIBUTES = (CodeSignOnCopy, RemoveHeadersOnCopy, ); }; };
		01A32A5D1DED14C9008529A1 /* NSDate+Extensions.m in Sources */ = {isa = PBXBuildFile; fileRef = 01A32A5C1DED14C9008529A1 /* NSDate+Extensions.m */; };
		01A32A601DED193A008529A1 /* AUTApprovalRequest+Extensions.m in Sources */ = {isa = PBXBuildFile; fileRef = 01A32A5F1DED193A008529A1 /* AUTApprovalRequest+Extensions.m */; };
		01A32A631DED1DBA008529A1 /* AppDelegate.m in Sources */ = {isa = PBXBuildFile; fileRef = 01A32A621DED1DBA008529A1 /* AppDelegate.m */; };
		01A32A671DED2170008529A1 /* main.m in Sources */ = {isa = PBXBuildFile; fileRef = 01A32A661DED2170008529A1 /* main.m */; };
		01AAA13F1E5B447700E9667B /* RegistrationResponse.m in Sources */ = {isa = PBXBuildFile; fileRef = 01AAA13E1E5B447700E9667B /* RegistrationResponse.m */; };
		01B99CAB1C936A1600462FA3 /* Main.storyboard in Resources */ = {isa = PBXBuildFile; fileRef = 01B99CA91C936A1600462FA3 /* Main.storyboard */; };
		01B99CAD1C936A1600462FA3 /* Assets.xcassets in Resources */ = {isa = PBXBuildFile; fileRef = 01B99CAC1C936A1600462FA3 /* Assets.xcassets */; };
		01B99CB01C936A1600462FA3 /* LaunchScreen.storyboard in Resources */ = {isa = PBXBuildFile; fileRef = 01B99CAE1C936A1600462FA3 /* LaunchScreen.storyboard */; };
		01CDAA8B1DF08CF700347404 /* DeviceResetManager.m in Sources */ = {isa = PBXBuildFile; fileRef = 01CDAA8A1DF08CF700347404 /* DeviceResetManager.m */; };
		01D48C381DE7A8EF00D675BB /* RegisterDeviceViewController.m in Sources */ = {isa = PBXBuildFile; fileRef = 01D48C371DE7A8EF00D675BB /* RegisterDeviceViewController.m */; };
		01D48C3B1DE7AC2A00D675BB /* ApprovalRequestsViewController.m in Sources */ = {isa = PBXBuildFile; fileRef = 01D48C3A1DE7AC2A00D675BB /* ApprovalRequestsViewController.m */; };
		01D48C3E1DEA4AB200D675BB /* RequestDetailViewController.m in Sources */ = {isa = PBXBuildFile; fileRef = 01D48C3D1DEA4AB200D675BB /* RequestDetailViewController.m */; };
		01D48C411DEA55CE00D675BB /* RequestTableViewCell.m in Sources */ = {isa = PBXBuildFile; fileRef = 01D48C401DEA55CE00D675BB /* RequestTableViewCell.m */; };
		01D48C441DEA605200D675BB /* UIColor+Extensions.m in Sources */ = {isa = PBXBuildFile; fileRef = 01D48C431DEA605200D675BB /* UIColor+Extensions.m */; };
		01EE5E1E1EBB84C900B2E333 /* TOTPViewController.m in Sources */ = {isa = PBXBuildFile; fileRef = 01EE5E1D1EBB84C900B2E333 /* TOTPViewController.m */; };
		01F318FB1C9C6CFF003BA657 /* RequestTableViewCell.xib in Resources */ = {isa = PBXBuildFile; fileRef = 01F318F91C9C6CFF003BA657 /* RequestTableViewCell.xib */; };
/* End PBXBuildFile section */

/* Begin PBXCopyFilesBuildPhase section */
		0130721E1C9703B60048383E /* Embed Frameworks */ = {
			isa = PBXCopyFilesBuildPhase;
			buildActionMask = 2147483647;
			dstPath = "";
			dstSubfolderSpec = 10;
			files = (
				016D53B11F4CA40700D899D7 /* TwilioAuthenticator.framework in Embed Frameworks */,
			);
			name = "Embed Frameworks";
			runOnlyForDeploymentPostprocessing = 0;
		};
/* End PBXCopyFilesBuildPhase section */

/* Begin PBXFileReference section */
		010C68911E5B8AE900CC7358 /* RegisterDeviceUseCase.h */ = {isa = PBXFileReference; fileEncoding = 4; lastKnownFileType = sourcecode.c.h; path = RegisterDeviceUseCase.h; sourceTree = "<group>"; };
		010C68921E5B8AE900CC7358 /* RegisterDeviceUseCase.m */ = {isa = PBXFileReference; fileEncoding = 4; lastKnownFileType = sourcecode.c.objc; path = RegisterDeviceUseCase.m; sourceTree = "<group>"; };
		010C68941E5B9BB000CC7358 /* UITextField+Extensions.h */ = {isa = PBXFileReference; fileEncoding = 4; lastKnownFileType = sourcecode.c.h; name = "UITextField+Extensions.h"; path = "Extensions/UITextField+Extensions.h"; sourceTree = "<group>"; };
		010C68951E5B9BB000CC7358 /* UITextField+Extensions.m */ = {isa = PBXFileReference; fileEncoding = 4; lastKnownFileType = sourcecode.c.objc; name = "UITextField+Extensions.m"; path = "Extensions/UITextField+Extensions.m"; sourceTree = "<group>"; };
		012D3CA61ECCC32D0038D774 /* Constants.h */ = {isa = PBXFileReference; lastKnownFileType = sourcecode.c.h; path = Constants.h; sourceTree = "<group>"; };
		016D53AF1F4CA40700D899D7 /* TwilioAuthenticator.framework */ = {isa = PBXFileReference; lastKnownFileType = wrapper.framework; path = TwilioAuthenticator.framework; sourceTree = "<group>"; };
		01A32A5B1DED14C9008529A1 /* NSDate+Extensions.h */ = {isa = PBXFileReference; fileEncoding = 4; lastKnownFileType = sourcecode.c.h; name = "NSDate+Extensions.h"; path = "Extensions/NSDate+Extensions.h"; sourceTree = "<group>"; };
		01A32A5C1DED14C9008529A1 /* NSDate+Extensions.m */ = {isa = PBXFileReference; fileEncoding = 4; lastKnownFileType = sourcecode.c.objc; name = "NSDate+Extensions.m"; path = "Extensions/NSDate+Extensions.m"; sourceTree = "<group>"; };
		01A32A5E1DED193A008529A1 /* AUTApprovalRequest+Extensions.h */ = {isa = PBXFileReference; fileEncoding = 4; lastKnownFileType = sourcecode.c.h; path = "AUTApprovalRequest+Extensions.h"; sourceTree = "<group>"; };
		01A32A5F1DED193A008529A1 /* AUTApprovalRequest+Extensions.m */ = {isa = PBXFileReference; fileEncoding = 4; lastKnownFileType = sourcecode.c.objc; path = "AUTApprovalRequest+Extensions.m"; sourceTree = "<group>"; };
		01A32A611DED1DBA008529A1 /* AppDelegate.h */ = {isa = PBXFileReference; fileEncoding = 4; lastKnownFileType = sourcecode.c.h; path = AppDelegate.h; sourceTree = "<group>"; };
		01A32A621DED1DBA008529A1 /* AppDelegate.m */ = {isa = PBXFileReference; fileEncoding = 4; lastKnownFileType = sourcecode.c.objc; path = AppDelegate.m; sourceTree = "<group>"; };
		01A32A661DED2170008529A1 /* main.m */ = {isa = PBXFileReference; fileEncoding = 4; lastKnownFileType = sourcecode.c.objc; path = main.m; sourceTree = "<group>"; };
		01AAA13D1E5B447700E9667B /* RegistrationResponse.h */ = {isa = PBXFileReference; fileEncoding = 4; lastKnownFileType = sourcecode.c.h; path = RegistrationResponse.h; sourceTree = "<group>"; };
		01AAA13E1E5B447700E9667B /* RegistrationResponse.m */ = {isa = PBXFileReference; fileEncoding = 4; lastKnownFileType = sourcecode.c.objc; path = RegistrationResponse.m; sourceTree = "<group>"; };
		01AAA1401E5B7C4400E9667B /* TwilioAuthenticatorSample.entitlements */ = {isa = PBXFileReference; lastKnownFileType = text.plist.entitlements; path = TwilioAuthenticatorSample.entitlements; sourceTree = "<group>"; };
		01B99CA21C936A1600462FA3 /* TwilioAuthenticatorSample.app */ = {isa = PBXFileReference; explicitFileType = wrapper.application; includeInIndex = 0; path = TwilioAuthenticatorSample.app; sourceTree = BUILT_PRODUCTS_DIR; };
		01B99CAA1C936A1600462FA3 /* Base */ = {isa = PBXFileReference; lastKnownFileType = file.storyboard; name = Base; path = Base.lproj/Main.storyboard; sourceTree = "<group>"; };
		01B99CAC1C936A1600462FA3 /* Assets.xcassets */ = {isa = PBXFileReference; lastKnownFileType = folder.assetcatalog; path = Assets.xcassets; sourceTree = "<group>"; };
		01B99CAF1C936A1600462FA3 /* Base */ = {isa = PBXFileReference; lastKnownFileType = file.storyboard; name = Base; path = Base.lproj/LaunchScreen.storyboard; sourceTree = "<group>"; };
		01B99CB11C936A1600462FA3 /* Info.plist */ = {isa = PBXFileReference; lastKnownFileType = text.plist.xml; path = Info.plist; sourceTree = "<group>"; };
		01CDAA891DF08CF700347404 /* DeviceResetManager.h */ = {isa = PBXFileReference; fileEncoding = 4; lastKnownFileType = sourcecode.c.h; path = DeviceResetManager.h; sourceTree = "<group>"; };
		01CDAA8A1DF08CF700347404 /* DeviceResetManager.m */ = {isa = PBXFileReference; fileEncoding = 4; lastKnownFileType = sourcecode.c.objc; path = DeviceResetManager.m; sourceTree = "<group>"; };
		01D48C361DE7A8EF00D675BB /* RegisterDeviceViewController.h */ = {isa = PBXFileReference; fileEncoding = 4; lastKnownFileType = sourcecode.c.h; path = RegisterDeviceViewController.h; sourceTree = "<group>"; };
		01D48C371DE7A8EF00D675BB /* RegisterDeviceViewController.m */ = {isa = PBXFileReference; fileEncoding = 4; lastKnownFileType = sourcecode.c.objc; path = RegisterDeviceViewController.m; sourceTree = "<group>"; };
		01D48C391DE7AC2A00D675BB /* ApprovalRequestsViewController.h */ = {isa = PBXFileReference; fileEncoding = 4; lastKnownFileType = sourcecode.c.h; path = ApprovalRequestsViewController.h; sourceTree = "<group>"; };
		01D48C3A1DE7AC2A00D675BB /* ApprovalRequestsViewController.m */ = {isa = PBXFileReference; fileEncoding = 4; lastKnownFileType = sourcecode.c.objc; path = ApprovalRequestsViewController.m; sourceTree = "<group>"; };
		01D48C3C1DEA4AB200D675BB /* RequestDetailViewController.h */ = {isa = PBXFileReference; fileEncoding = 4; lastKnownFileType = sourcecode.c.h; path = RequestDetailViewController.h; sourceTree = "<group>"; };
		01D48C3D1DEA4AB200D675BB /* RequestDetailViewController.m */ = {isa = PBXFileReference; fileEncoding = 4; lastKnownFileType = sourcecode.c.objc; path = RequestDetailViewController.m; sourceTree = "<group>"; };
		01D48C3F1DEA55CE00D675BB /* RequestTableViewCell.h */ = {isa = PBXFileReference; fileEncoding = 4; lastKnownFileType = sourcecode.c.h; path = RequestTableViewCell.h; sourceTree = "<group>"; };
		01D48C401DEA55CE00D675BB /* RequestTableViewCell.m */ = {isa = PBXFileReference; fileEncoding = 4; lastKnownFileType = sourcecode.c.objc; path = RequestTableViewCell.m; sourceTree = "<group>"; };
		01D48C421DEA605200D675BB /* UIColor+Extensions.h */ = {isa = PBXFileReference; fileEncoding = 4; lastKnownFileType = sourcecode.c.h; name = "UIColor+Extensions.h"; path = "Extensions/UIColor+Extensions.h"; sourceTree = "<group>"; };
		01D48C431DEA605200D675BB /* UIColor+Extensions.m */ = {isa = PBXFileReference; fileEncoding = 4; lastKnownFileType = sourcecode.c.objc; name = "UIColor+Extensions.m"; path = "Extensions/UIColor+Extensions.m"; sourceTree = "<group>"; };
		01EE5E1C1EBB84C900B2E333 /* TOTPViewController.h */ = {isa = PBXFileReference; fileEncoding = 4; lastKnownFileType = sourcecode.c.h; path = TOTPViewController.h; sourceTree = "<group>"; };
		01EE5E1D1EBB84C900B2E333 /* TOTPViewController.m */ = {isa = PBXFileReference; fileEncoding = 4; lastKnownFileType = sourcecode.c.objc; path = TOTPViewController.m; sourceTree = "<group>"; };
		01F318F91C9C6CFF003BA657 /* RequestTableViewCell.xib */ = {isa = PBXFileReference; fileEncoding = 4; lastKnownFileType = file.xib; path = RequestTableViewCell.xib; sourceTree = "<group>"; };
/* End PBXFileReference section */

/* Begin PBXFrameworksBuildPhase section */
		01B99C9F1C936A1600462FA3 /* Frameworks */ = {
			isa = PBXFrameworksBuildPhase;
			buildActionMask = 2147483647;
			files = (
				016D53B01F4CA40700D899D7 /* TwilioAuthenticator.framework in Frameworks */,
			);
			runOnlyForDeploymentPostprocessing = 0;
		};
/* End PBXFrameworksBuildPhase section */

/* Begin PBXGroup section */
		010C68971E5BA0E000CC7358 /* Detail */ = {
			isa = PBXGroup;
			children = (
				01D48C3C1DEA4AB200D675BB /* RequestDetailViewController.h */,
				01D48C3D1DEA4AB200D675BB /* RequestDetailViewController.m */,
				01A32A5E1DED193A008529A1 /* AUTApprovalRequest+Extensions.h */,
				01A32A5F1DED193A008529A1 /* AUTApprovalRequest+Extensions.m */,
			);
			path = Detail;
			sourceTree = "<group>";
		};
		012D3CA51ECCC20A0038D774 /* Constants */ = {
			isa = PBXGroup;
			children = (
				012D3CA61ECCC32D0038D774 /* Constants.h */,
			);
			path = Constants;
			sourceTree = "<group>";
		};
		013B978F1CB304D600951E6B /* Extensions */ = {
			isa = PBXGroup;
			children = (
				010C68941E5B9BB000CC7358 /* UITextField+Extensions.h */,
				010C68951E5B9BB000CC7358 /* UITextField+Extensions.m */,
				01D48C421DEA605200D675BB /* UIColor+Extensions.h */,
				01D48C431DEA605200D675BB /* UIColor+Extensions.m */,
				01A32A5B1DED14C9008529A1 /* NSDate+Extensions.h */,
				01A32A5C1DED14C9008529A1 /* NSDate+Extensions.m */,
			);
			name = Extensions;
			sourceTree = "<group>";
		};
		01B99C991C936A1600462FA3 = {
			isa = PBXGroup;
			children = (
				016D53AF1F4CA40700D899D7 /* TwilioAuthenticator.framework */,
				01B99CA41C936A1600462FA3 /* TwilioAuthenticatorSample */,
				01B99CA31C936A1600462FA3 /* Products */,
				01E82FAB1F1D6302003E7278 /* Frameworks */,
			);
			sourceTree = "<group>";
		};
		01B99CA31C936A1600462FA3 /* Products */ = {
			isa = PBXGroup;
			children = (
				01B99CA21C936A1600462FA3 /* TwilioAuthenticatorSample.app */,
			);
			name = Products;
			sourceTree = "<group>";
		};
		01B99CA41C936A1600462FA3 /* TwilioAuthenticatorSample */ = {
			isa = PBXGroup;
			children = (
				01AAA1401E5B7C4400E9667B /* TwilioAuthenticatorSample.entitlements */,
				01B99CAC1C936A1600462FA3 /* Assets.xcassets */,
				01B99CB11C936A1600462FA3 /* Info.plist */,
				01A32A661DED2170008529A1 /* main.m */,
				01A32A611DED1DBA008529A1 /* AppDelegate.h */,
				01A32A621DED1DBA008529A1 /* AppDelegate.m */,
				01B99CA91C936A1600462FA3 /* Main.storyboard */,
				01B99CAE1C936A1600462FA3 /* LaunchScreen.storyboard */,
				012D3CA51ECCC20A0038D774 /* Constants */,
				01D48C2D1DE79A0100D675BB /* Registration */,
				01D48C2E1DE79A0C00D675BB /* Requests */,
				01EE5E1B1EBB843E00B2E333 /* TOTP */,
				013B978F1CB304D600951E6B /* Extensions */,
			);
			path = TwilioAuthenticatorSample;
			sourceTree = "<group>";
		};
		01D48C2D1DE79A0100D675BB /* Registration */ = {
			isa = PBXGroup;
			children = (
				01AAA13D1E5B447700E9667B /* RegistrationResponse.h */,
				01AAA13E1E5B447700E9667B /* RegistrationResponse.m */,
				010C68911E5B8AE900CC7358 /* RegisterDeviceUseCase.h */,
				010C68921E5B8AE900CC7358 /* RegisterDeviceUseCase.m */,
				01D48C361DE7A8EF00D675BB /* RegisterDeviceViewController.h */,
				01D48C371DE7A8EF00D675BB /* RegisterDeviceViewController.m */,
			);
			path = Registration;
			sourceTree = "<group>";
		};
		01D48C2E1DE79A0C00D675BB /* Requests */ = {
			isa = PBXGroup;
			children = (
				010C68971E5BA0E000CC7358 /* Detail */,
				01D48C391DE7AC2A00D675BB /* ApprovalRequestsViewController.h */,
				01D48C3A1DE7AC2A00D675BB /* ApprovalRequestsViewController.m */,
				01CDAA891DF08CF700347404 /* DeviceResetManager.h */,
				01CDAA8A1DF08CF700347404 /* DeviceResetManager.m */,
				01D48C3F1DEA55CE00D675BB /* RequestTableViewCell.h */,
				01D48C401DEA55CE00D675BB /* RequestTableViewCell.m */,
				01F318F91C9C6CFF003BA657 /* RequestTableViewCell.xib */,
			);
			path = Requests;
			sourceTree = "<group>";
		};
		01E82FAB1F1D6302003E7278 /* Frameworks */ = {
			isa = PBXGroup;
			children = (
			);
			name = Frameworks;
			sourceTree = "<group>";
		};
		01EE5E1B1EBB843E00B2E333 /* TOTP */ = {
			isa = PBXGroup;
			children = (
				01EE5E1C1EBB84C900B2E333 /* TOTPViewController.h */,
				01EE5E1D1EBB84C900B2E333 /* TOTPViewController.m */,
			);
			path = TOTP;
			sourceTree = "<group>";
		};
/* End PBXGroup section */

/* Begin PBXNativeTarget section */
		01B99CA11C936A1600462FA3 /* TwilioAuthenticatorSample */ = {
			isa = PBXNativeTarget;
			buildConfigurationList = 01B99CB41C936A1600462FA3 /* Build configuration list for PBXNativeTarget "TwilioAuthenticatorSample" */;
			buildPhases = (
				01B99C9E1C936A1600462FA3 /* Sources */,
				01B99C9F1C936A1600462FA3 /* Frameworks */,
				01B99CA01C936A1600462FA3 /* Resources */,
				0130721E1C9703B60048383E /* Embed Frameworks */,
				0182EBBC1F33CBAC004108A6 /* ShellScript */,
			);
			buildRules = (
			);
			dependencies = (
			);
			name = TwilioAuthenticatorSample;
			productName = TwilioAuthenticatorSample;
			productReference = 01B99CA21C936A1600462FA3 /* TwilioAuthenticatorSample.app */;
			productType = "com.apple.product-type.application";
		};
/* End PBXNativeTarget section */

/* Begin PBXProject section */
		01B99C9A1C936A1600462FA3 /* Project object */ = {
			isa = PBXProject;
			attributes = {
				LastSwiftUpdateCheck = 0730;
				LastUpgradeCheck = 0730;
				ORGANIZATIONNAME = Authy;
				TargetAttributes = {
					01B99CA11C936A1600462FA3 = {
						CreatedOnToolsVersion = 7.2.1;
						DevelopmentTeam = 9EVH78F4V4;
						LastSwiftMigration = 0820;
						ProvisioningStyle = Manual;
						SystemCapabilities = {
							com.apple.Push = {
								enabled = 1;
							};
						};
					};
				};
			};
			buildConfigurationList = 01B99C9D1C936A1600462FA3 /* Build configuration list for PBXProject "TwilioAuthenticatorSample" */;
			compatibilityVersion = "Xcode 3.2";
			developmentRegion = English;
			hasScannedForEncodings = 0;
			knownRegions = (
				en,
				Base,
			);
			mainGroup = 01B99C991C936A1600462FA3;
			productRefGroup = 01B99CA31C936A1600462FA3 /* Products */;
			projectDirPath = "";
			projectRoot = "";
			targets = (
				01B99CA11C936A1600462FA3 /* TwilioAuthenticatorSample */,
			);
		};
/* End PBXProject section */

/* Begin PBXResourcesBuildPhase section */
		01B99CA01C936A1600462FA3 /* Resources */ = {
			isa = PBXResourcesBuildPhase;
			buildActionMask = 2147483647;
			files = (
				01B99CB01C936A1600462FA3 /* LaunchScreen.storyboard in Resources */,
				01B99CAD1C936A1600462FA3 /* Assets.xcassets in Resources */,
				01F318FB1C9C6CFF003BA657 /* RequestTableViewCell.xib in Resources */,
				01B99CAB1C936A1600462FA3 /* Main.storyboard in Resources */,
			);
			runOnlyForDeploymentPostprocessing = 0;
		};
/* End PBXResourcesBuildPhase section */

/* Begin PBXShellScriptBuildPhase section */
		0182EBBC1F33CBAC004108A6 /* ShellScript */ = {
			isa = PBXShellScriptBuildPhase;
			buildActionMask = 2147483647;
			files = (
			);
			inputPaths = (
			);
			outputPaths = (
			);
			runOnlyForDeploymentPostprocessing = 0;
			shellPath = /bin/sh;
			shellScript = "bash \"${BUILT_PRODUCTS_DIR}/${FRAMEWORKS_FOLDER_PATH}/TwilioAuthenticator.framework/strip-frameworks.sh\"";
		};
/* End PBXShellScriptBuildPhase section */

/* Begin PBXSourcesBuildPhase section */
		01B99C9E1C936A1600462FA3 /* Sources */ = {
			isa = PBXSourcesBuildPhase;
			buildActionMask = 2147483647;
			files = (
				01A32A631DED1DBA008529A1 /* AppDelegate.m in Sources */,
				01D48C441DEA605200D675BB /* UIColor+Extensions.m in Sources */,
				01D48C411DEA55CE00D675BB /* RequestTableViewCell.m in Sources */,
				01EE5E1E1EBB84C900B2E333 /* TOTPViewController.m in Sources */,
				01A32A601DED193A008529A1 /* AUTApprovalRequest+Extensions.m in Sources */,
				01D48C3B1DE7AC2A00D675BB /* ApprovalRequestsViewController.m in Sources */,
				01D48C3E1DEA4AB200D675BB /* RequestDetailViewController.m in Sources */,
				01D48C381DE7A8EF00D675BB /* RegisterDeviceViewController.m in Sources */,
				01CDAA8B1DF08CF700347404 /* DeviceResetManager.m in Sources */,
				010C68961E5B9BB000CC7358 /* UITextField+Extensions.m in Sources */,
				01A32A671DED2170008529A1 /* main.m in Sources */,
				010C68931E5B8AE900CC7358 /* RegisterDeviceUseCase.m in Sources */,
				01A32A5D1DED14C9008529A1 /* NSDate+Extensions.m in Sources */,
				01AAA13F1E5B447700E9667B /* RegistrationResponse.m in Sources */,
			);
			runOnlyForDeploymentPostprocessing = 0;
		};
/* End PBXSourcesBuildPhase section */

/* Begin PBXVariantGroup section */
		01B99CA91C936A1600462FA3 /* Main.storyboard */ = {
			isa = PBXVariantGroup;
			children = (
				01B99CAA1C936A1600462FA3 /* Base */,
			);
			name = Main.storyboard;
			sourceTree = "<group>";
		};
		01B99CAE1C936A1600462FA3 /* LaunchScreen.storyboard */ = {
			isa = PBXVariantGroup;
			children = (
				01B99CAF1C936A1600462FA3 /* Base */,
			);
			name = LaunchScreen.storyboard;
			sourceTree = "<group>";
		};
/* End PBXVariantGroup section */

/* Begin XCBuildConfiguration section */
		01B99CB21C936A1600462FA3 /* Debug */ = {
			isa = XCBuildConfiguration;
			buildSettings = {
				ALWAYS_SEARCH_USER_PATHS = NO;
				CLANG_CXX_LANGUAGE_STANDARD = "gnu++0x";
				CLANG_CXX_LIBRARY = "libc++";
				CLANG_ENABLE_MODULES = YES;
				CLANG_ENABLE_OBJC_ARC = YES;
				CLANG_WARN_BOOL_CONVERSION = YES;
				CLANG_WARN_CONSTANT_CONVERSION = YES;
				CLANG_WARN_DIRECT_OBJC_ISA_USAGE = YES_ERROR;
				CLANG_WARN_EMPTY_BODY = YES;
				CLANG_WARN_ENUM_CONVERSION = YES;
				CLANG_WARN_INT_CONVERSION = YES;
				CLANG_WARN_OBJC_ROOT_CLASS = YES_ERROR;
				CLANG_WARN_UNREACHABLE_CODE = YES;
				CLANG_WARN__DUPLICATE_METHOD_MATCH = YES;
				CODE_SIGN_IDENTITY = "iPhone Developer";
				"CODE_SIGN_IDENTITY[sdk=iphoneos*]" = "iPhone Developer";
				COPY_PHASE_STRIP = NO;
				DEBUG_INFORMATION_FORMAT = dwarf;
				ENABLE_BITCODE = YES;
				ENABLE_STRICT_OBJC_MSGSEND = YES;
				ENABLE_TESTABILITY = YES;
				GCC_C_LANGUAGE_STANDARD = gnu99;
				GCC_DYNAMIC_NO_PIC = NO;
				GCC_NO_COMMON_BLOCKS = YES;
				GCC_OPTIMIZATION_LEVEL = 0;
				GCC_PREPROCESSOR_DEFINITIONS = (
					"DEBUG=1",
					"$(inherited)",
				);
				GCC_WARN_64_TO_32_BIT_CONVERSION = YES;
				GCC_WARN_ABOUT_RETURN_TYPE = YES_ERROR;
				GCC_WARN_UNDECLARED_SELECTOR = YES;
				GCC_WARN_UNINITIALIZED_AUTOS = YES_AGGRESSIVE;
				GCC_WARN_UNUSED_FUNCTION = YES;
				GCC_WARN_UNUSED_VARIABLE = YES;
				IPHONEOS_DEPLOYMENT_TARGET = 8.1;
				MTL_ENABLE_DEBUG_INFO = YES;
				ONLY_ACTIVE_ARCH = YES;
				SDKROOT = iphoneos;
				SWIFT_OPTIMIZATION_LEVEL = "-Onone";
				TARGETED_DEVICE_FAMILY = "1,2";
			};
			name = Debug;
		};
		01B99CB31C936A1600462FA3 /* Release */ = {
			isa = XCBuildConfiguration;
			buildSettings = {
				ALWAYS_SEARCH_USER_PATHS = NO;
				CLANG_CXX_LANGUAGE_STANDARD = "gnu++0x";
				CLANG_CXX_LIBRARY = "libc++";
				CLANG_ENABLE_MODULES = YES;
				CLANG_ENABLE_OBJC_ARC = YES;
				CLANG_WARN_BOOL_CONVERSION = YES;
				CLANG_WARN_CONSTANT_CONVERSION = YES;
				CLANG_WARN_DIRECT_OBJC_ISA_USAGE = YES_ERROR;
				CLANG_WARN_EMPTY_BODY = YES;
				CLANG_WARN_ENUM_CONVERSION = YES;
				CLANG_WARN_INT_CONVERSION = YES;
				CLANG_WARN_OBJC_ROOT_CLASS = YES_ERROR;
				CLANG_WARN_UNREACHABLE_CODE = YES;
				CLANG_WARN__DUPLICATE_METHOD_MATCH = YES;
				CODE_SIGN_IDENTITY = "iPhone Distribution";
				"CODE_SIGN_IDENTITY[sdk=iphoneos*]" = "iPhone Distribution";
				COPY_PHASE_STRIP = NO;
				DEBUG_INFORMATION_FORMAT = "dwarf-with-dsym";
				ENABLE_BITCODE = YES;
				ENABLE_NS_ASSERTIONS = NO;
				ENABLE_STRICT_OBJC_MSGSEND = YES;
				GCC_C_LANGUAGE_STANDARD = gnu99;
				GCC_NO_COMMON_BLOCKS = YES;
				GCC_WARN_64_TO_32_BIT_CONVERSION = YES;
				GCC_WARN_ABOUT_RETURN_TYPE = YES_ERROR;
				GCC_WARN_UNDECLARED_SELECTOR = YES;
				GCC_WARN_UNINITIALIZED_AUTOS = YES_AGGRESSIVE;
				GCC_WARN_UNUSED_FUNCTION = YES;
				GCC_WARN_UNUSED_VARIABLE = YES;
				IPHONEOS_DEPLOYMENT_TARGET = 8.1;
				MTL_ENABLE_DEBUG_INFO = NO;
				SDKROOT = iphoneos;
				TARGETED_DEVICE_FAMILY = "1,2";
				VALIDATE_PRODUCT = YES;
			};
			name = Release;
		};
		01B99CB51C936A1600462FA3 /* Debug */ = {
			isa = XCBuildConfiguration;
			buildSettings = {
				ASSETCATALOG_COMPILER_APPICON_NAME = AppIcon;
				CLANG_ENABLE_MODULES = YES;
				CODE_SIGN_ENTITLEMENTS = TwilioAuthenticatorSample/TwilioAuthenticatorSample.entitlements;
				CODE_SIGN_IDENTITY = "iPhone Developer: Adriana Pineda (7AQUE3U49X)";
				DEBUG_INFORMATION_FORMAT = "dwarf-with-dsym";
				DEVELOPMENT_TEAM = 9EVH78F4V4;
				FRAMEWORK_SEARCH_PATHS = (
					"$(PROJECT_DIR)",
					"$(PROJECT_DIR)/TwilioAuthenticatorSample",
					"$(inherited)",
				);
				INFOPLIST_FILE = "$(SRCROOT)/TwilioAuthenticatorSample/Info.plist";
				LD_RUNPATH_SEARCH_PATHS = "$(inherited) @executable_path/Frameworks";
				OTHER_LDFLAGS = "$(inherited)";
				PRODUCT_BUNDLE_IDENTIFIER = com.twilio.authenticator.sample;
				PRODUCT_NAME = "$(TARGET_NAME)";
				PROVISIONING_PROFILE = "c7cda706-99c8-4af2-8953-fa7686db5c82";
				PROVISIONING_PROFILE_SPECIFIER = "TwilioAuth SDK Sample Dev Provisioning Profile";
				SWIFT_OBJC_BRIDGING_HEADER = "";
				SWIFT_OPTIMIZATION_LEVEL = "-Onone";
				SWIFT_VERSION = 3.0;
			};
			name = Debug;
		};
		01B99CB61C936A1600462FA3 /* Release */ = {
			isa = XCBuildConfiguration;
			buildSettings = {
				ASSETCATALOG_COMPILER_APPICON_NAME = AppIcon;
				CLANG_ENABLE_MODULES = YES;
				CODE_SIGN_ENTITLEMENTS = TwilioAuthenticatorSample/TwilioAuthenticatorSample.entitlements;
				CODE_SIGN_IDENTITY = "iPhone Distribution: Authy Inc. (9EVH78F4V4)";
				DEVELOPMENT_TEAM = 9EVH78F4V4;
				FRAMEWORK_SEARCH_PATHS = (
					"$(PROJECT_DIR)",
					"$(PROJECT_DIR)/TwilioAuthenticatorSample",
					"$(inherited)",
				);
				INFOPLIST_FILE = "$(SRCROOT)/TwilioAuthenticatorSample/Info.plist";
				LD_RUNPATH_SEARCH_PATHS = "$(inherited) @executable_path/Frameworks";
				OTHER_LDFLAGS = "$(inherited)";
				PRODUCT_BUNDLE_IDENTIFIER = com.twilio.authenticator.sample;
				PRODUCT_NAME = "$(TARGET_NAME)";
				PROVISIONING_PROFILE = "56250f8e-51f8-4ef8-97ad-5980c836cf3d";
				PROVISIONING_PROFILE_SPECIFIER = "TwilioAuth SDK Sample Prod Provisioning Profile";
				SWIFT_OBJC_BRIDGING_HEADER = "";
				SWIFT_VERSION = 3.0;
			};
			name = Release;
		};
/* End XCBuildConfiguration section */

/* Begin XCConfigurationList section */
		01B99C9D1C936A1600462FA3 /* Build configuration list for PBXProject "TwilioAuthenticatorSample" */ = {
			isa = XCConfigurationList;
			buildConfigurations = (
				01B99CB21C936A1600462FA3 /* Debug */,
				01B99CB31C936A1600462FA3 /* Release */,
			);
			defaultConfigurationIsVisible = 0;
			defaultConfigurationName = Release;
		};
		01B99CB41C936A1600462FA3 /* Build configuration list for PBXNativeTarget "TwilioAuthenticatorSample" */ = {
			isa = XCConfigurationList;
			buildConfigurations = (
				01B99CB51C936A1600462FA3 /* Debug */,
				01B99CB61C936A1600462FA3 /* Release */,
			);
			defaultConfigurationIsVisible = 0;
			defaultConfigurationName = Release;
		};
/* End XCConfigurationList section */
	};
	rootObject = 01B99C9A1C936A1600462FA3 /* Project object */;
}
